# This file is autogenerated, do not edit; changes may be undone by the next 'dep ensure'.


[[projects]]
  branch = "master"
  name = "github.com/hashicorp/go.net"
  packages = ["internal/iana","ipv4","ipv6"]
  revision = "104dcad90073cd8d1e6828b2af19185b60cf3e29"

[[projects]]
  branch = "master"
  name = "github.com/hashicorp/mdns"
  packages = ["."]
  revision = "4e527d9d808175f132f949523e640c699e4253bb"

[[projects]]
  branch = "master"
  name = "github.com/miekg/dns"
  packages = [".","internal/socket"]
  revision = "9fc4eb252eedf0ef8adc05169ce35da5e31beaba"

[solve-meta]
  analyzer-name = "dep"
  analyzer-version = 1
  inputs-digest = "037539b9eec8113c7cb74051f9942fb375d946571f083990df41c2ffc56a8598"
  solver-name = "gps-cdcl"
  solver-version = 1
